
Microsoft Visual Studio Solution File, Format Version 12.00
# Visual Studio Version 17
VisualStudioVersion = 17.4.33110.190
MinimumVisualStudioVersion = 10.0.40219.1
Project("{FAE04EC0-301F-11D3-BF4B-00C04F79EFBC}") = "DotLive01", "DotLive01\DotLive01.csproj", "{0F19C16A-C133-4569-AC83-10C4EBE8D9B6}"
EndProject
Global
	GlobalSection(SolutionConfigurationPlatforms) = preSolution
		Debug|Any CPU = Debug|Any CPU
		Release|Any CPU = Release|Any CPU
	EndGlobalSection
	GlobalSection(ProjectConfigurationPlatforms) = postSolution
		{0F19C16A-C133-4569-AC83-10C4EBE8D9B6}.Debug|Any CPU.ActiveCfg = Debug|Any CPU
		{0F19C16A-C133-4569-AC83-10C4EBE8D9B6}.Debug|Any CPU.Build.0 = Debug|Any CPU
		{0F19C16A-C133-4569-AC83-10C4EBE8D9B6}.Release|Any CPU.ActiveCfg = Release|Any CPU
		{0F19C16A-C133-4569-AC83-10C4EBE8D9B6}.Release|Any CPU.Build.0 = Release|Any CPU
	EndGlobalSection
	GlobalSection(SolutionProperties) = preSolution
		HideSolutionNode = FALSE
	EndGlobalSection
	GlobalSection(ExtensibilityGlobals) = postSolution
		SolutionGuid = {F5C92446-9986-4950-A2B1-05BCB0B14AAD}
	EndGlobalSection
EndGlobal
