
Microsoft Visual Studio Solution File, Format Version 12.00
# Visual Studio Version 17
VisualStudioVersion = 17.5.33530.505
MinimumVisualStudioVersion = 10.0.40219.1
Project("{FAE04EC0-301F-11D3-BF4B-00C04F79EFBC}") = "DotLive07", "DotLive07\DotLive07.csproj", "{FB4E20B6-E48A-4694-B723-9786A744A1E7}"
EndProject
Global
	GlobalSection(SolutionConfigurationPlatforms) = preSolution
		Debug|Any CPU = Debug|Any CPU
		Release|Any CPU = Release|Any CPU
	EndGlobalSection
	GlobalSection(ProjectConfigurationPlatforms) = postSolution
		{FB4E20B6-E48A-4694-B723-9786A744A1E7}.Debug|Any CPU.ActiveCfg = Debug|Any CPU
		{FB4E20B6-E48A-4694-B723-9786A744A1E7}.Debug|Any CPU.Build.0 = Debug|Any CPU
		{FB4E20B6-E48A-4694-B723-9786A744A1E7}.Release|Any CPU.ActiveCfg = Release|Any CPU
		{FB4E20B6-E48A-4694-B723-9786A744A1E7}.Release|Any CPU.Build.0 = Release|Any CPU
	EndGlobalSection
	GlobalSection(SolutionProperties) = preSolution
		HideSolutionNode = FALSE
	EndGlobalSection
	GlobalSection(ExtensibilityGlobals) = postSolution
		SolutionGuid = {AC3C9941-214A-46F5-9F76-B27B22F4C532}
	EndGlobalSection
EndGlobal
