
Microsoft Visual Studio Solution File, Format Version 12.00
# Visual Studio Version 17
VisualStudioVersion = 17.7.34018.315
MinimumVisualStudioVersion = 10.0.40219.1
Project("{9A19103F-16F7-4668-BE54-9A1E7A4F7556}") = "BookAPI", "BookAPI\BookAPI.csproj", "{3A623D4D-37DB-4806-ADD7-01C2A7FEFFB8}"
EndProject
Project("{2150E333-8FDC-42A3-9474-1A3956D46DE8}") = "Itens de Solução", "Itens de Solução", "{F311E321-BB50-4AF8-8632-BF662F1EBA35}"
	ProjectSection(SolutionItems) = preProject
		README.md = README.md
	EndProjectSection
EndProject
Global
	GlobalSection(SolutionConfigurationPlatforms) = preSolution
		Debug|Any CPU = Debug|Any CPU
		Release|Any CPU = Release|Any CPU
	EndGlobalSection
	GlobalSection(ProjectConfigurationPlatforms) = postSolution
		{3A623D4D-37DB-4806-ADD7-01C2A7FEFFB8}.Debug|Any CPU.ActiveCfg = Debug|Any CPU
		{3A623D4D-37DB-4806-ADD7-01C2A7FEFFB8}.Debug|Any CPU.Build.0 = Debug|Any CPU
		{3A623D4D-37DB-4806-ADD7-01C2A7FEFFB8}.Release|Any CPU.ActiveCfg = Release|Any CPU
		{3A623D4D-37DB-4806-ADD7-01C2A7FEFFB8}.Release|Any CPU.Build.0 = Release|Any CPU
	EndGlobalSection
	GlobalSection(SolutionProperties) = preSolution
		HideSolutionNode = FALSE
	EndGlobalSection
	GlobalSection(ExtensibilityGlobals) = postSolution
		SolutionGuid = {C8C16D50-CD17-4791-8E76-E69C968985BD}
	EndGlobalSection
EndGlobal
