
Microsoft Visual Studio Solution File, Format Version 12.00
# Visual Studio Version 17
VisualStudioVersion = 17.7.34018.315
MinimumVisualStudioVersion = 10.0.40219.1
Project("{FAE04EC0-301F-11D3-BF4B-00C04F79EFBC}") = "SharePointAddInTest", "SharePointAddInTest\SharePointAddInTest.csproj", "{B203AE76-4412-47D4-941A-95A89D8811CA}"
EndProject
Project("{FAE04EC0-301F-11D3-BF4B-00C04F79EFBC}") = "SharePointAddInTestWeb", "SharePointAddInTestWeb\SharePointAddInTestWeb.csproj", "{EDA67D09-EC9C-47D9-AC14-E89C242B7EB1}"
EndProject
Global
	GlobalSection(SolutionConfigurationPlatforms) = preSolution
		Debug|Any CPU = Debug|Any CPU
		Release|Any CPU = Release|Any CPU
	EndGlobalSection
	GlobalSection(ProjectConfigurationPlatforms) = postSolution
		{B203AE76-4412-47D4-941A-95A89D8811CA}.Debug|Any CPU.ActiveCfg = Debug|Any CPU
		{B203AE76-4412-47D4-941A-95A89D8811CA}.Debug|Any CPU.Build.0 = Debug|Any CPU
		{B203AE76-4412-47D4-941A-95A89D8811CA}.Debug|Any CPU.Deploy.0 = Debug|Any CPU
		{B203AE76-4412-47D4-941A-95A89D8811CA}.Release|Any CPU.ActiveCfg = Release|Any CPU
		{B203AE76-4412-47D4-941A-95A89D8811CA}.Release|Any CPU.Build.0 = Release|Any CPU
		{B203AE76-4412-47D4-941A-95A89D8811CA}.Release|Any CPU.Deploy.0 = Release|Any CPU
		{EDA67D09-EC9C-47D9-AC14-E89C242B7EB1}.Debug|Any CPU.ActiveCfg = Debug|Any CPU
		{EDA67D09-EC9C-47D9-AC14-E89C242B7EB1}.Debug|Any CPU.Build.0 = Debug|Any CPU
		{EDA67D09-EC9C-47D9-AC14-E89C242B7EB1}.Release|Any CPU.ActiveCfg = Release|Any CPU
		{EDA67D09-EC9C-47D9-AC14-E89C242B7EB1}.Release|Any CPU.Build.0 = Release|Any CPU
	EndGlobalSection
	GlobalSection(SolutionProperties) = preSolution
		HideSolutionNode = FALSE
	EndGlobalSection
	GlobalSection(ExtensibilityGlobals) = postSolution
		SolutionGuid = {804BECD4-1DBE-4985-92C8-860774CED2E8}
	EndGlobalSection
EndGlobal
