
Microsoft Visual Studio Solution File, Format Version 12.00
# Visual Studio Version 17
VisualStudioVersion = 17.2.32526.322
MinimumVisualStudioVersion = 10.0.40219.1
Project("{FAE04EC0-301F-11D3-BF4B-00C04F79EFBC}") = "WebApplicationMVC", "WebApplicationMVC\WebApplicationMVC.csproj", "{9C9B697A-E51C-4AC2-892D-14F97F682140}"
EndProject
Global
	GlobalSection(SolutionConfigurationPlatforms) = preSolution
		Debug|Any CPU = Debug|Any CPU
		Release|Any CPU = Release|Any CPU
	EndGlobalSection
	GlobalSection(ProjectConfigurationPlatforms) = postSolution
		{9C9B697A-E51C-4AC2-892D-14F97F682140}.Debug|Any CPU.ActiveCfg = Debug|Any CPU
		{9C9B697A-E51C-4AC2-892D-14F97F682140}.Debug|Any CPU.Build.0 = Debug|Any CPU
		{9C9B697A-E51C-4AC2-892D-14F97F682140}.Release|Any CPU.ActiveCfg = Release|Any CPU
		{9C9B697A-E51C-4AC2-892D-14F97F682140}.Release|Any CPU.Build.0 = Release|Any CPU
	EndGlobalSection
	GlobalSection(SolutionProperties) = preSolution
		HideSolutionNode = FALSE
	EndGlobalSection
	GlobalSection(ExtensibilityGlobals) = postSolution
		SolutionGuid = {A207B175-8037-4AE4-91F7-FA40C2BDF05A}
	EndGlobalSection
EndGlobal
