
Microsoft Visual Studio Solution File, Format Version 12.00
# Visual Studio Version 17
VisualStudioVersion = 17.8.34525.116
MinimumVisualStudioVersion = 10.0.40219.1
Project("{FAE04EC0-301F-11D3-BF4B-00C04F79EFBC}") = "Cemob.API", "Cemob.API\Cemob.API.csproj", "{2E295DC9-965A-4A9F-8F61-1B76AD95B964}"
EndProject
Global
	GlobalSection(SolutionConfigurationPlatforms) = preSolution
		Debug|Any CPU = Debug|Any CPU
		Release|Any CPU = Release|Any CPU
	EndGlobalSection
	GlobalSection(ProjectConfigurationPlatforms) = postSolution
		{2E295DC9-965A-4A9F-8F61-1B76AD95B964}.Debug|Any CPU.ActiveCfg = Debug|Any CPU
		{2E295DC9-965A-4A9F-8F61-1B76AD95B964}.Debug|Any CPU.Build.0 = Debug|Any CPU
		{2E295DC9-965A-4A9F-8F61-1B76AD95B964}.Release|Any CPU.ActiveCfg = Release|Any CPU
		{2E295DC9-965A-4A9F-8F61-1B76AD95B964}.Release|Any CPU.Build.0 = Release|Any CPU
	EndGlobalSection
	GlobalSection(SolutionProperties) = preSolution
		HideSolutionNode = FALSE
	EndGlobalSection
	GlobalSection(ExtensibilityGlobals) = postSolution
		SolutionGuid = {E63E07D4-7B7E-4124-A6CF-8D8E77CFDDF3}
	EndGlobalSection
EndGlobal
