
Microsoft Visual Studio Solution File, Format Version 12.00
# Visual Studio Version 17
VisualStudioVersion = 17.7.34018.315
MinimumVisualStudioVersion = 10.0.40219.1
Project("{FAE04EC0-301F-11D3-BF4B-00C04F79EFBC}") = "DevFreela.API", "DevFreela.API\DevFreela.API.csproj", "{04DE6114-65DC-46D8-AEC8-4F85778AA1A0}"
EndProject
Global
	GlobalSection(SolutionConfigurationPlatforms) = preSolution
		Debug|Any CPU = Debug|Any CPU
		Release|Any CPU = Release|Any CPU
	EndGlobalSection
	GlobalSection(ProjectConfigurationPlatforms) = postSolution
		{04DE6114-65DC-46D8-AEC8-4F85778AA1A0}.Debug|Any CPU.ActiveCfg = Debug|Any CPU
		{04DE6114-65DC-46D8-AEC8-4F85778AA1A0}.Debug|Any CPU.Build.0 = Debug|Any CPU
		{04DE6114-65DC-46D8-AEC8-4F85778AA1A0}.Release|Any CPU.ActiveCfg = Release|Any CPU
		{04DE6114-65DC-46D8-AEC8-4F85778AA1A0}.Release|Any CPU.Build.0 = Release|Any CPU
	EndGlobalSection
	GlobalSection(SolutionProperties) = preSolution
		HideSolutionNode = FALSE
	EndGlobalSection
	GlobalSection(ExtensibilityGlobals) = postSolution
		SolutionGuid = {8CC0E08E-54C7-442F-B329-B6B3BE3D16D2}
	EndGlobalSection
EndGlobal
