
Microsoft Visual Studio Solution File, Format Version 12.00
# Visual Studio Version 17
VisualStudioVersion = 17.7.34018.315
MinimumVisualStudioVersion = 10.0.40219.1
Project("{9A19103F-16F7-4668-BE54-9A1E7A4F7556}") = "DevFreela.API", "DevFreela.API\DevFreela.API.csproj", "{43DDE015-8B81-4BB6-A5F0-4FA585A92F5C}"
EndProject
Project("{9A19103F-16F7-4668-BE54-9A1E7A4F7556}") = "DevFreela.Core", "DevFreela.Core\DevFreela.Core.csproj", "{89DD121E-3FB2-4853-8EB8-9E706DA6DB5A}"
EndProject
Project("{9A19103F-16F7-4668-BE54-9A1E7A4F7556}") = "DevFreela.Infraestructure", "DevFreela.Infraestructure\DevFreela.Infraestructure.csproj", "{6A261954-8ED7-4736-9CCA-BE78DA2E043E}"
EndProject
Project("{9A19103F-16F7-4668-BE54-9A1E7A4F7556}") = "DevFreela.Application", "DevFreela.Application\DevFreela.Application.csproj", "{3C9FEA89-6A44-4836-BD47-F4CACC61A6D0}"
EndProject
Project("{2150E333-8FDC-42A3-9474-1A3956D46DE8}") = "Itens de Solução", "Itens de Solução", "{60075B37-947F-4E1D-80EB-C69A5E734AD4}"
	ProjectSection(SolutionItems) = preProject
		README.md = README.md
	EndProjectSection
EndProject
Project("{9A19103F-16F7-4668-BE54-9A1E7A4F7556}") = "DevFreela.UnitTests", "DevFreela.UnitTests\DevFreela.UnitTests.csproj", "{DA9A8A18-00C4-422F-A40A-3B1C5A0DD0BF}"
EndProject
Project("{2150E333-8FDC-42A3-9474-1A3956D46DE8}") = "img", "img", "{67F564E7-DD7C-4825-A009-776149C2A8EF}"
	ProjectSection(SolutionItems) = preProject
		img\endpoints.jpg = img\endpoints.jpg
		img\schemas.jpg = img\schemas.jpg
	EndProjectSection
EndProject
Global
	GlobalSection(SolutionConfigurationPlatforms) = preSolution
		Debug|Any CPU = Debug|Any CPU
		Release|Any CPU = Release|Any CPU
	EndGlobalSection
	GlobalSection(ProjectConfigurationPlatforms) = postSolution
		{43DDE015-8B81-4BB6-A5F0-4FA585A92F5C}.Debug|Any CPU.ActiveCfg = Debug|Any CPU
		{43DDE015-8B81-4BB6-A5F0-4FA585A92F5C}.Debug|Any CPU.Build.0 = Debug|Any CPU
		{43DDE015-8B81-4BB6-A5F0-4FA585A92F5C}.Release|Any CPU.ActiveCfg = Release|Any CPU
		{43DDE015-8B81-4BB6-A5F0-4FA585A92F5C}.Release|Any CPU.Build.0 = Release|Any CPU
		{89DD121E-3FB2-4853-8EB8-9E706DA6DB5A}.Debug|Any CPU.ActiveCfg = Debug|Any CPU
		{89DD121E-3FB2-4853-8EB8-9E706DA6DB5A}.Debug|Any CPU.Build.0 = Debug|Any CPU
		{89DD121E-3FB2-4853-8EB8-9E706DA6DB5A}.Release|Any CPU.ActiveCfg = Release|Any CPU
		{89DD121E-3FB2-4853-8EB8-9E706DA6DB5A}.Release|Any CPU.Build.0 = Release|Any CPU
		{6A261954-8ED7-4736-9CCA-BE78DA2E043E}.Debug|Any CPU.ActiveCfg = Debug|Any CPU
		{6A261954-8ED7-4736-9CCA-BE78DA2E043E}.Debug|Any CPU.Build.0 = Debug|Any CPU
		{6A261954-8ED7-4736-9CCA-BE78DA2E043E}.Release|Any CPU.ActiveCfg = Release|Any CPU
		{6A261954-8ED7-4736-9CCA-BE78DA2E043E}.Release|Any CPU.Build.0 = Release|Any CPU
		{3C9FEA89-6A44-4836-BD47-F4CACC61A6D0}.Debug|Any CPU.ActiveCfg = Debug|Any CPU
		{3C9FEA89-6A44-4836-BD47-F4CACC61A6D0}.Debug|Any CPU.Build.0 = Debug|Any CPU
		{3C9FEA89-6A44-4836-BD47-F4CACC61A6D0}.Release|Any CPU.ActiveCfg = Release|Any CPU
		{3C9FEA89-6A44-4836-BD47-F4CACC61A6D0}.Release|Any CPU.Build.0 = Release|Any CPU
		{DA9A8A18-00C4-422F-A40A-3B1C5A0DD0BF}.Debug|Any CPU.ActiveCfg = Debug|Any CPU
		{DA9A8A18-00C4-422F-A40A-3B1C5A0DD0BF}.Debug|Any CPU.Build.0 = Debug|Any CPU
		{DA9A8A18-00C4-422F-A40A-3B1C5A0DD0BF}.Release|Any CPU.ActiveCfg = Release|Any CPU
		{DA9A8A18-00C4-422F-A40A-3B1C5A0DD0BF}.Release|Any CPU.Build.0 = Release|Any CPU
	EndGlobalSection
	GlobalSection(SolutionProperties) = preSolution
		HideSolutionNode = FALSE
	EndGlobalSection
	GlobalSection(ExtensibilityGlobals) = postSolution
		SolutionGuid = {5D7FF179-E1AD-486D-8D30-5E2738DD14E5}
	EndGlobalSection
EndGlobal
