
Microsoft Visual Studio Solution File, Format Version 12.00
# Visual Studio Version 17
VisualStudioVersion = 17.7.34018.315
MinimumVisualStudioVersion = 10.0.40219.1
Project("{9A19103F-16F7-4668-BE54-9A1E7A4F7556}") = "Task1.Rectangle", "ConsoleApp1\Task1.Rectangle.csproj", "{FE757B0F-2772-4D72-A79D-F68CEAF41D2E}"
EndProject
Project("{9A19103F-16F7-4668-BE54-9A1E7A4F7556}") = "Task2.Salary", "Task2.Salary\Task2.Salary.csproj", "{6F3EE1C9-DE1D-4DC1-B126-FEDB4777E977}"
EndProject
Project("{9A19103F-16F7-4668-BE54-9A1E7A4F7556}") = "Task2.Salary.2", "Task2.Salary.2\Task2.Salary.2.csproj", "{7AC39329-1A74-4196-8C60-23AF4C77C2FD}"
EndProject
Project("{9A19103F-16F7-4668-BE54-9A1E7A4F7556}") = "Task3.Factorial", "Task3.Factorial\Task3.Factorial.csproj", "{8084C103-B3FA-44D5-989A-C0F247F93B63}"
EndProject
Project("{9A19103F-16F7-4668-BE54-9A1E7A4F7556}") = "Task3.Factorial.2", "Task3.Factorial.2\Task3.Factorial.2.csproj", "{3288615C-5650-45FC-9189-2E26F4BB60C6}"
EndProject
Project("{9A19103F-16F7-4668-BE54-9A1E7A4F7556}") = "Task4.Pythagoras", "Task4.Pythagoras\Task4.Pythagoras.csproj", "{64DA5832-BCDA-4D8D-9391-23810DD04649}"
EndProject
Project("{FAE04EC0-301F-11D3-BF4B-00C04F79EFBC}") = "Task5.CountWord", "CountWord\Task5.CountWord.csproj", "{A2F6E185-553E-4BB8-9876-1CFDD302C7E3}"
EndProject
Project("{FAE04EC0-301F-11D3-BF4B-00C04F79EFBC}") = "Task6.NameLastName", "Task6.NameLastName\Task6.NameLastName.csproj", "{535277D5-015F-4275-8B0D-6E24504CE31D}"
EndProject
Project("{FAE04EC0-301F-11D3-BF4B-00C04F79EFBC}") = "Task7.Division", "Task7.Division\Task7.Division.csproj", "{23D47795-4FB6-4C79-BD22-5755FA1658E9}"
EndProject
Project("{FAE04EC0-301F-11D3-BF4B-00C04F79EFBC}") = "Task8.BirthDate", "Task8.BirthDate\Task8.BirthDate.csproj", "{3F3ADAAC-D019-4A1D-931B-52AB49DB6E43}"
EndProject
Project("{FAE04EC0-301F-11D3-BF4B-00C04F79EFBC}") = "Raiz Quadrada", "Raiz Quadrada\Raiz Quadrada.csproj", "{4C83B918-4542-4F8B-897D-08012EF54C45}"
EndProject
Project("{FAE04EC0-301F-11D3-BF4B-00C04F79EFBC}") = "ListNames", "ListNames\ListNames.csproj", "{2C96D070-506F-4E71-AF9E-2B137A2D2FA4}"
EndProject
Project("{FAE04EC0-301F-11D3-BF4B-00C04F79EFBC}") = "Alfanumerico", "Alfanumerico\Alfanumerico.csproj", "{07988886-A0E1-42CC-9015-2C5FD80D2FFC}"
EndProject
Project("{FAE04EC0-301F-11D3-BF4B-00C04F79EFBC}") = "MaiorMenorQue", "MaiorMenorQue\MaiorMenorQue.csproj", "{EFC9B79C-5CAF-4D44-BB3A-02A48FC21329}"
EndProject
Project("{FAE04EC0-301F-11D3-BF4B-00C04F79EFBC}") = "ContarNumero", "ContarNumero\ContarNumero.csproj", "{9D056F9C-6FCA-4644-A2D0-5F9EEB41591E}"
EndProject
Global
	GlobalSection(SolutionConfigurationPlatforms) = preSolution
		Debug|Any CPU = Debug|Any CPU
		Release|Any CPU = Release|Any CPU
	EndGlobalSection
	GlobalSection(ProjectConfigurationPlatforms) = postSolution
		{FE757B0F-2772-4D72-A79D-F68CEAF41D2E}.Debug|Any CPU.ActiveCfg = Debug|Any CPU
		{FE757B0F-2772-4D72-A79D-F68CEAF41D2E}.Debug|Any CPU.Build.0 = Debug|Any CPU
		{FE757B0F-2772-4D72-A79D-F68CEAF41D2E}.Release|Any CPU.ActiveCfg = Release|Any CPU
		{FE757B0F-2772-4D72-A79D-F68CEAF41D2E}.Release|Any CPU.Build.0 = Release|Any CPU
		{6F3EE1C9-DE1D-4DC1-B126-FEDB4777E977}.Debug|Any CPU.ActiveCfg = Debug|Any CPU
		{6F3EE1C9-DE1D-4DC1-B126-FEDB4777E977}.Debug|Any CPU.Build.0 = Debug|Any CPU
		{6F3EE1C9-DE1D-4DC1-B126-FEDB4777E977}.Release|Any CPU.ActiveCfg = Release|Any CPU
		{6F3EE1C9-DE1D-4DC1-B126-FEDB4777E977}.Release|Any CPU.Build.0 = Release|Any CPU
		{7AC39329-1A74-4196-8C60-23AF4C77C2FD}.Debug|Any CPU.ActiveCfg = Debug|Any CPU
		{7AC39329-1A74-4196-8C60-23AF4C77C2FD}.Debug|Any CPU.Build.0 = Debug|Any CPU
		{7AC39329-1A74-4196-8C60-23AF4C77C2FD}.Release|Any CPU.ActiveCfg = Release|Any CPU
		{7AC39329-1A74-4196-8C60-23AF4C77C2FD}.Release|Any CPU.Build.0 = Release|Any CPU
		{8084C103-B3FA-44D5-989A-C0F247F93B63}.Debug|Any CPU.ActiveCfg = Debug|Any CPU
		{8084C103-B3FA-44D5-989A-C0F247F93B63}.Debug|Any CPU.Build.0 = Debug|Any CPU
		{8084C103-B3FA-44D5-989A-C0F247F93B63}.Release|Any CPU.ActiveCfg = Release|Any CPU
		{8084C103-B3FA-44D5-989A-C0F247F93B63}.Release|Any CPU.Build.0 = Release|Any CPU
		{3288615C-5650-45FC-9189-2E26F4BB60C6}.Debug|Any CPU.ActiveCfg = Debug|Any CPU
		{3288615C-5650-45FC-9189-2E26F4BB60C6}.Debug|Any CPU.Build.0 = Debug|Any CPU
		{3288615C-5650-45FC-9189-2E26F4BB60C6}.Release|Any CPU.ActiveCfg = Release|Any CPU
		{3288615C-5650-45FC-9189-2E26F4BB60C6}.Release|Any CPU.Build.0 = Release|Any CPU
		{64DA5832-BCDA-4D8D-9391-23810DD04649}.Debug|Any CPU.ActiveCfg = Debug|Any CPU
		{64DA5832-BCDA-4D8D-9391-23810DD04649}.Debug|Any CPU.Build.0 = Debug|Any CPU
		{64DA5832-BCDA-4D8D-9391-23810DD04649}.Release|Any CPU.ActiveCfg = Release|Any CPU
		{64DA5832-BCDA-4D8D-9391-23810DD04649}.Release|Any CPU.Build.0 = Release|Any CPU
		{A2F6E185-553E-4BB8-9876-1CFDD302C7E3}.Debug|Any CPU.ActiveCfg = Debug|Any CPU
		{A2F6E185-553E-4BB8-9876-1CFDD302C7E3}.Debug|Any CPU.Build.0 = Debug|Any CPU
		{A2F6E185-553E-4BB8-9876-1CFDD302C7E3}.Release|Any CPU.ActiveCfg = Release|Any CPU
		{A2F6E185-553E-4BB8-9876-1CFDD302C7E3}.Release|Any CPU.Build.0 = Release|Any CPU
		{535277D5-015F-4275-8B0D-6E24504CE31D}.Debug|Any CPU.ActiveCfg = Debug|Any CPU
		{535277D5-015F-4275-8B0D-6E24504CE31D}.Debug|Any CPU.Build.0 = Debug|Any CPU
		{535277D5-015F-4275-8B0D-6E24504CE31D}.Release|Any CPU.ActiveCfg = Release|Any CPU
		{535277D5-015F-4275-8B0D-6E24504CE31D}.Release|Any CPU.Build.0 = Release|Any CPU
		{23D47795-4FB6-4C79-BD22-5755FA1658E9}.Debug|Any CPU.ActiveCfg = Debug|Any CPU
		{23D47795-4FB6-4C79-BD22-5755FA1658E9}.Debug|Any CPU.Build.0 = Debug|Any CPU
		{23D47795-4FB6-4C79-BD22-5755FA1658E9}.Release|Any CPU.ActiveCfg = Release|Any CPU
		{23D47795-4FB6-4C79-BD22-5755FA1658E9}.Release|Any CPU.Build.0 = Release|Any CPU
		{3F3ADAAC-D019-4A1D-931B-52AB49DB6E43}.Debug|Any CPU.ActiveCfg = Debug|Any CPU
		{3F3ADAAC-D019-4A1D-931B-52AB49DB6E43}.Debug|Any CPU.Build.0 = Debug|Any CPU
		{3F3ADAAC-D019-4A1D-931B-52AB49DB6E43}.Release|Any CPU.ActiveCfg = Release|Any CPU
		{3F3ADAAC-D019-4A1D-931B-52AB49DB6E43}.Release|Any CPU.Build.0 = Release|Any CPU
		{4C83B918-4542-4F8B-897D-08012EF54C45}.Debug|Any CPU.ActiveCfg = Debug|Any CPU
		{4C83B918-4542-4F8B-897D-08012EF54C45}.Debug|Any CPU.Build.0 = Debug|Any CPU
		{4C83B918-4542-4F8B-897D-08012EF54C45}.Release|Any CPU.ActiveCfg = Release|Any CPU
		{4C83B918-4542-4F8B-897D-08012EF54C45}.Release|Any CPU.Build.0 = Release|Any CPU
		{2C96D070-506F-4E71-AF9E-2B137A2D2FA4}.Debug|Any CPU.ActiveCfg = Debug|Any CPU
		{2C96D070-506F-4E71-AF9E-2B137A2D2FA4}.Debug|Any CPU.Build.0 = Debug|Any CPU
		{2C96D070-506F-4E71-AF9E-2B137A2D2FA4}.Release|Any CPU.ActiveCfg = Release|Any CPU
		{2C96D070-506F-4E71-AF9E-2B137A2D2FA4}.Release|Any CPU.Build.0 = Release|Any CPU
		{07988886-A0E1-42CC-9015-2C5FD80D2FFC}.Debug|Any CPU.ActiveCfg = Debug|Any CPU
		{07988886-A0E1-42CC-9015-2C5FD80D2FFC}.Debug|Any CPU.Build.0 = Debug|Any CPU
		{07988886-A0E1-42CC-9015-2C5FD80D2FFC}.Release|Any CPU.ActiveCfg = Release|Any CPU
		{07988886-A0E1-42CC-9015-2C5FD80D2FFC}.Release|Any CPU.Build.0 = Release|Any CPU
		{EFC9B79C-5CAF-4D44-BB3A-02A48FC21329}.Debug|Any CPU.ActiveCfg = Debug|Any CPU
		{EFC9B79C-5CAF-4D44-BB3A-02A48FC21329}.Debug|Any CPU.Build.0 = Debug|Any CPU
		{EFC9B79C-5CAF-4D44-BB3A-02A48FC21329}.Release|Any CPU.ActiveCfg = Release|Any CPU
		{EFC9B79C-5CAF-4D44-BB3A-02A48FC21329}.Release|Any CPU.Build.0 = Release|Any CPU
		{9D056F9C-6FCA-4644-A2D0-5F9EEB41591E}.Debug|Any CPU.ActiveCfg = Debug|Any CPU
		{9D056F9C-6FCA-4644-A2D0-5F9EEB41591E}.Debug|Any CPU.Build.0 = Debug|Any CPU
		{9D056F9C-6FCA-4644-A2D0-5F9EEB41591E}.Release|Any CPU.ActiveCfg = Release|Any CPU
		{9D056F9C-6FCA-4644-A2D0-5F9EEB41591E}.Release|Any CPU.Build.0 = Release|Any CPU
	EndGlobalSection
	GlobalSection(SolutionProperties) = preSolution
		HideSolutionNode = FALSE
	EndGlobalSection
	GlobalSection(ExtensibilityGlobals) = postSolution
		SolutionGuid = {AADA9637-B415-4765-9FDA-9D8407408B68}
	EndGlobalSection
EndGlobal
