
Microsoft Visual Studio Solution File, Format Version 12.00
# Visual Studio Version 17
VisualStudioVersion = 17.7.34018.315
MinimumVisualStudioVersion = 10.0.40219.1
Project("{9A19103F-16F7-4668-BE54-9A1E7A4F7556}") = "DevFreela.API", "DevFreela.API\DevFreela.API.csproj", "{43DDE015-8B81-4BB6-A5F0-4FA585A92F5C}"
EndProject
Project("{9A19103F-16F7-4668-BE54-9A1E7A4F7556}") = "DevFreela.Core", "DevFreela.Core\DevFreela.Core.csproj", "{89DD121E-3FB2-4853-8EB8-9E706DA6DB5A}"
EndProject
Project("{FAE04EC0-301F-11D3-BF4B-00C04F79EFBC}") = "DevFreela.Infraestructure", "DevFreela.Infraestructure\DevFreela.Infraestructure.csproj", "{6A261954-8ED7-4736-9CCA-BE78DA2E043E}"
EndProject
Global
	GlobalSection(SolutionConfigurationPlatforms) = preSolution
		Debug|Any CPU = Debug|Any CPU
		Release|Any CPU = Release|Any CPU
	EndGlobalSection
	GlobalSection(ProjectConfigurationPlatforms) = postSolution
		{43DDE015-8B81-4BB6-A5F0-4FA585A92F5C}.Debug|Any CPU.ActiveCfg = Debug|Any CPU
		{43DDE015-8B81-4BB6-A5F0-4FA585A92F5C}.Debug|Any CPU.Build.0 = Debug|Any CPU
		{43DDE015-8B81-4BB6-A5F0-4FA585A92F5C}.Release|Any CPU.ActiveCfg = Release|Any CPU
		{43DDE015-8B81-4BB6-A5F0-4FA585A92F5C}.Release|Any CPU.Build.0 = Release|Any CPU
		{89DD121E-3FB2-4853-8EB8-9E706DA6DB5A}.Debug|Any CPU.ActiveCfg = Debug|Any CPU
		{89DD121E-3FB2-4853-8EB8-9E706DA6DB5A}.Debug|Any CPU.Build.0 = Debug|Any CPU
		{89DD121E-3FB2-4853-8EB8-9E706DA6DB5A}.Release|Any CPU.ActiveCfg = Release|Any CPU
		{89DD121E-3FB2-4853-8EB8-9E706DA6DB5A}.Release|Any CPU.Build.0 = Release|Any CPU
		{6A261954-8ED7-4736-9CCA-BE78DA2E043E}.Debug|Any CPU.ActiveCfg = Debug|Any CPU
		{6A261954-8ED7-4736-9CCA-BE78DA2E043E}.Debug|Any CPU.Build.0 = Debug|Any CPU
		{6A261954-8ED7-4736-9CCA-BE78DA2E043E}.Release|Any CPU.ActiveCfg = Release|Any CPU
		{6A261954-8ED7-4736-9CCA-BE78DA2E043E}.Release|Any CPU.Build.0 = Release|Any CPU
	EndGlobalSection
	GlobalSection(SolutionProperties) = preSolution
		HideSolutionNode = FALSE
	EndGlobalSection
	GlobalSection(ExtensibilityGlobals) = postSolution
		SolutionGuid = {5D7FF179-E1AD-486D-8D30-5E2738DD14E5}
	EndGlobalSection
EndGlobal
