
Microsoft Visual Studio Solution File, Format Version 12.00
# Visual Studio Version 17
VisualStudioVersion = 17.8.34525.116
MinimumVisualStudioVersion = 10.0.40219.1
Project("{9A19103F-16F7-4668-BE54-9A1E7A4F7556}") = "VatRate", "VatRate\VatRate.csproj", "{821A7E68-0A3E-4D34-B3A1-1998D9723214}"
EndProject
Project("{FAE04EC0-301F-11D3-BF4B-00C04F79EFBC}") = "VatCalculator", "VatCalculator\VatCalculator.csproj", "{5F3FE2FA-A833-4A22-BD37-057840A90E80}"
EndProject
Global
	GlobalSection(SolutionConfigurationPlatforms) = preSolution
		Debug|Any CPU = Debug|Any CPU
		Release|Any CPU = Release|Any CPU
	EndGlobalSection
	GlobalSection(ProjectConfigurationPlatforms) = postSolution
		{821A7E68-0A3E-4D34-B3A1-1998D9723214}.Debug|Any CPU.ActiveCfg = Debug|Any CPU
		{821A7E68-0A3E-4D34-B3A1-1998D9723214}.Debug|Any CPU.Build.0 = Debug|Any CPU
		{821A7E68-0A3E-4D34-B3A1-1998D9723214}.Release|Any CPU.ActiveCfg = Release|Any CPU
		{821A7E68-0A3E-4D34-B3A1-1998D9723214}.Release|Any CPU.Build.0 = Release|Any CPU
		{5F3FE2FA-A833-4A22-BD37-057840A90E80}.Debug|Any CPU.ActiveCfg = Debug|Any CPU
		{5F3FE2FA-A833-4A22-BD37-057840A90E80}.Debug|Any CPU.Build.0 = Debug|Any CPU
		{5F3FE2FA-A833-4A22-BD37-057840A90E80}.Release|Any CPU.ActiveCfg = Release|Any CPU
		{5F3FE2FA-A833-4A22-BD37-057840A90E80}.Release|Any CPU.Build.0 = Release|Any CPU
	EndGlobalSection
	GlobalSection(SolutionProperties) = preSolution
		HideSolutionNode = FALSE
	EndGlobalSection
	GlobalSection(ExtensibilityGlobals) = postSolution
		SolutionGuid = {D9B8CAF5-3C06-40ED-BB81-FA88AF6789F7}
	EndGlobalSection
EndGlobal
