
Microsoft Visual Studio Solution File, Format Version 12.00
# Visual Studio Version 17
VisualStudioVersion = 17.7.34018.315
MinimumVisualStudioVersion = 10.0.40219.1
Project("{FAE04EC0-301F-11D3-BF4B-00C04F79EFBC}") = "CantariniAutoRental.Server", "CantariniAutoRental\Server\CantariniAutoRental.Server.csproj", "{091AE813-8EC5-408E-A61C-F8F4412D6A82}"
EndProject
Project("{FAE04EC0-301F-11D3-BF4B-00C04F79EFBC}") = "CantariniAutoRental.Client", "CantariniAutoRental\Client\CantariniAutoRental.Client.csproj", "{FCCF7A92-DCEA-4612-9D94-E117ED0F8560}"
EndProject
Project("{FAE04EC0-301F-11D3-BF4B-00C04F79EFBC}") = "CantariniAutoRental.Shared", "CantariniAutoRental\Shared\CantariniAutoRental.Shared.csproj", "{EF2DB434-D171-4AF5-8424-5C53922945A7}"
EndProject
Global
	GlobalSection(SolutionConfigurationPlatforms) = preSolution
		Debug|Any CPU = Debug|Any CPU
		Release|Any CPU = Release|Any CPU
	EndGlobalSection
	GlobalSection(ProjectConfigurationPlatforms) = postSolution
		{091AE813-8EC5-408E-A61C-F8F4412D6A82}.Debug|Any CPU.ActiveCfg = Debug|Any CPU
		{091AE813-8EC5-408E-A61C-F8F4412D6A82}.Debug|Any CPU.Build.0 = Debug|Any CPU
		{091AE813-8EC5-408E-A61C-F8F4412D6A82}.Release|Any CPU.ActiveCfg = Release|Any CPU
		{091AE813-8EC5-408E-A61C-F8F4412D6A82}.Release|Any CPU.Build.0 = Release|Any CPU
		{FCCF7A92-DCEA-4612-9D94-E117ED0F8560}.Debug|Any CPU.ActiveCfg = Debug|Any CPU
		{FCCF7A92-DCEA-4612-9D94-E117ED0F8560}.Debug|Any CPU.Build.0 = Debug|Any CPU
		{FCCF7A92-DCEA-4612-9D94-E117ED0F8560}.Release|Any CPU.ActiveCfg = Release|Any CPU
		{FCCF7A92-DCEA-4612-9D94-E117ED0F8560}.Release|Any CPU.Build.0 = Release|Any CPU
		{EF2DB434-D171-4AF5-8424-5C53922945A7}.Debug|Any CPU.ActiveCfg = Debug|Any CPU
		{EF2DB434-D171-4AF5-8424-5C53922945A7}.Debug|Any CPU.Build.0 = Debug|Any CPU
		{EF2DB434-D171-4AF5-8424-5C53922945A7}.Release|Any CPU.ActiveCfg = Release|Any CPU
		{EF2DB434-D171-4AF5-8424-5C53922945A7}.Release|Any CPU.Build.0 = Release|Any CPU
	EndGlobalSection
	GlobalSection(SolutionProperties) = preSolution
		HideSolutionNode = FALSE
	EndGlobalSection
	GlobalSection(ExtensibilityGlobals) = postSolution
		SolutionGuid = {C4C12963-DA75-46EF-8987-E2E42B5B5C56}
	EndGlobalSection
EndGlobal
